
Microsoft Visual Studio Solution File, Format Version 12.00
# Visual Studio Version 17
VisualStudioVersion = 17.1.32421.90
MinimumVisualStudioVersion = 10.0.40219.1
Project("{FAE04EC0-301F-11D3-BF4B-00C04F79EFBC}") = "Program", "Program\Program.csproj", "{AB757891-513B-4324-AE39-2FA30325E5DB}"
EndProject
Global
	GlobalSection(SolutionConfigurationPlatforms) = preSolution
		Debug|Any CPU = Debug|Any CPU
		Release|Any CPU = Release|Any CPU
	EndGlobalSection
	GlobalSection(ProjectConfigurationPlatforms) = postSolution
		{AB757891-513B-4324-AE39-2FA30325E5DB}.Debug|Any CPU.ActiveCfg = Debug|Any CPU
		{AB757891-513B-4324-AE39-2FA30325E5DB}.Debug|Any CPU.Build.0 = Debug|Any CPU
		{AB757891-513B-4324-AE39-2FA30325E5DB}.Release|Any CPU.ActiveCfg = Release|Any CPU
		{AB757891-513B-4324-AE39-2FA30325E5DB}.Release|Any CPU.Build.0 = Release|Any CPU
	EndGlobalSection
	GlobalSection(SolutionProperties) = preSolution
		HideSolutionNode = FALSE
	EndGlobalSection
	GlobalSection(ExtensibilityGlobals) = postSolution
		SolutionGuid = {9AF321EE-734B-4122-AB03-D5BF581DA468}
	EndGlobalSection
EndGlobal
